// !$*UTF8*$!
{
	archiveVersion = 1;
	classes = {
	};
	objectVersion = 50;
	objects = {

/* Begin PBXBuildFile section */
		90429A7D21D22C3C00F19623 /* AppDelegate.swift in Sources */ = {isa = PBXBuildFile; fileRef = 90429A7C21D22C3C00F19623 /* AppDelegate.swift */; };
		90429A7F21D22C3C00F19623 /* HomeController.swift in Sources */ = {isa = PBXBuildFile; fileRef = 90429A7E21D22C3C00F19623 /* HomeController.swift */; };
		90429A8221D22C3C00F19623 /* Main.storyboard in Resources */ = {isa = PBXBuildFile; fileRef = 90429A8021D22C3C00F19623 /* Main.storyboard */; };
		90429A8421D22C3D00F19623 /* Assets.xcassets in Resources */ = {isa = PBXBuildFile; fileRef = 90429A8321D22C3D00F19623 /* Assets.xcassets */; };
		90429A8721D22C3D00F19623 /* LaunchScreen.storyboard in Resources */ = {isa = PBXBuildFile; fileRef = 90429A8521D22C3D00F19623 /* LaunchScreen.storyboard */; };
		90429AA221D49CB600F19623 /* MenuController.swift in Sources */ = {isa = PBXBuildFile; fileRef = 90429AA121D49CB600F19623 /* MenuController.swift */; };
		9065164021DCD749008B23F2 /* BaseViewController.swift in Sources */ = {isa = PBXBuildFile; fileRef = 9065163F21DCD749008B23F2 /* BaseViewController.swift */; };
		90F7290621E47BD300512AEA /* CustomMenuHeader.swift in Sources */ = {isa = PBXBuildFile; fileRef = 90F7290521E47BD300512AEA /* CustomMenuHeader.swift */; };
		90F7290821E4924500512AEA /* SpacerView.swift in Sources */ = {isa = PBXBuildFile; fileRef = 90F7290721E4924500512AEA /* SpacerView.swift */; };
		90F7290A21E4966800512AEA /* CustomImageView.swift in Sources */ = {isa = PBXBuildFile; fileRef = 90F7290921E4966800512AEA /* CustomImageView.swift */; };
/* End PBXBuildFile section */

/* Begin PBXFileReference section */
		90429A7921D22C3C00F19623 /* SlideOutMenu.app */ = {isa = PBXFileReference; explicitFileType = wrapper.application; includeInIndex = 0; path = SlideOutMenu.app; sourceTree = BUILT_PRODUCTS_DIR; };
		90429A7C21D22C3C00F19623 /* AppDelegate.swift */ = {isa = PBXFileReference; lastKnownFileType = sourcecode.swift; path = AppDelegate.swift; sourceTree = "<group>"; };
		90429A7E21D22C3C00F19623 /* HomeController.swift */ = {isa = PBXFileReference; lastKnownFileType = sourcecode.swift; path = HomeController.swift; sourceTree = "<group>"; };
		90429A8121D22C3C00F19623 /* Base */ = {isa = PBXFileReference; lastKnownFileType = file.storyboard; name = Base; path = Base.lproj/Main.storyboard; sourceTree = "<group>"; };
		90429A8321D22C3D00F19623 /* Assets.xcassets */ = {isa = PBXFileReference; lastKnownFileType = folder.assetcatalog; name = Assets.xcassets; path = SlideOutMenu/Assets.xcassets; sourceTree = SOURCE_ROOT; };
		90429A8621D22C3D00F19623 /* Base */ = {isa = PBXFileReference; lastKnownFileType = file.storyboard; name = Base; path = Base.lproj/LaunchScreen.storyboard; sourceTree = "<group>"; };
		90429A8821D22C3D00F19623 /* Info.plist */ = {isa = PBXFileReference; lastKnownFileType = text.plist.xml; path = Info.plist; sourceTree = "<group>"; };
		90429AA121D49CB600F19623 /* MenuController.swift */ = {isa = PBXFileReference; lastKnownFileType = sourcecode.swift; path = MenuController.swift; sourceTree = "<group>"; };
		9065163F21DCD749008B23F2 /* BaseViewController.swift */ = {isa = PBXFileReference; lastKnownFileType = sourcecode.swift; path = BaseViewController.swift; sourceTree = "<group>"; };
		90F7290521E47BD300512AEA /* CustomMenuHeader.swift */ = {isa = PBXFileReference; lastKnownFileType = sourcecode.swift; path = CustomMenuHeader.swift; sourceTree = "<group>"; };
		90F7290721E4924500512AEA /* SpacerView.swift */ = {isa = PBXFileReference; lastKnownFileType = sourcecode.swift; path = SpacerView.swift; sourceTree = "<group>"; };
		90F7290921E4966800512AEA /* CustomImageView.swift */ = {isa = PBXFileReference; lastKnownFileType = sourcecode.swift; path = CustomImageView.swift; sourceTree = "<group>"; };
/* End PBXFileReference section */

/* Begin PBXFrameworksBuildPhase section */
		90429A7621D22C3C00F19623 /* Frameworks */ = {
			isa = PBXFrameworksBuildPhase;
			buildActionMask = 2147483647;
			files = (
			);
			runOnlyForDeploymentPostprocessing = 0;
		};
/* End PBXFrameworksBuildPhase section */

/* Begin PBXGroup section */
		90429A7021D22C3C00F19623 = {
			isa = PBXGroup;
			children = (
				90429A7B21D22C3C00F19623 /* SlideOutMenu */,
				90429A7A21D22C3C00F19623 /* Products */,
			);
			sourceTree = "<group>";
		};
		90429A7A21D22C3C00F19623 /* Products */ = {
			isa = PBXGroup;
			children = (
				90429A7921D22C3C00F19623 /* SlideOutMenu.app */,
			);
			name = Products;
			sourceTree = "<group>";
		};
		90429A7B21D22C3C00F19623 /* SlideOutMenu */ = {
			isa = PBXGroup;
			children = (
				90F7290421E478C100512AEA /* View */,
				90429AA021D49C9300F19623 /* Controller */,
				90429A7C21D22C3C00F19623 /* AppDelegate.swift */,
				90429A8021D22C3C00F19623 /* Main.storyboard */,
				90429A8321D22C3D00F19623 /* Assets.xcassets */,
				90429A8521D22C3D00F19623 /* LaunchScreen.storyboard */,
				90429A8821D22C3D00F19623 /* Info.plist */,
			);
			path = SlideOutMenu;
			sourceTree = "<group>";
		};
		90429AA021D49C9300F19623 /* Controller */ = {
			isa = PBXGroup;
			children = (
				9065163E21DCD735008B23F2 /* BaseController */,
				90429A7E21D22C3C00F19623 /* HomeController.swift */,
				90429AA121D49CB600F19623 /* MenuController.swift */,
			);
			path = Controller;
			sourceTree = "<group>";
		};
		9065163E21DCD735008B23F2 /* BaseController */ = {
			isa = PBXGroup;
			children = (
				9065163F21DCD749008B23F2 /* BaseViewController.swift */,
			);
			path = BaseController;
			sourceTree = "<group>";
		};
		90F7290421E478C100512AEA /* View */ = {
			isa = PBXGroup;
			children = (
				90F7290521E47BD300512AEA /* CustomMenuHeader.swift */,
				90F7290721E4924500512AEA /* SpacerView.swift */,
				90F7290921E4966800512AEA /* CustomImageView.swift */,
			);
			path = View;
			sourceTree = "<group>";
		};
/* End PBXGroup section */

/* Begin PBXNativeTarget section */
		90429A7821D22C3C00F19623 /* SlideOutMenu */ = {
			isa = PBXNativeTarget;
			buildConfigurationList = 90429A8B21D22C3D00F19623 /* Build configuration list for PBXNativeTarget "SlideOutMenu" */;
			buildPhases = (
				90429A7521D22C3C00F19623 /* Sources */,
				90429A7621D22C3C00F19623 /* Frameworks */,
				90429A7721D22C3C00F19623 /* Resources */,
			);
			buildRules = (
			);
			dependencies = (
			);
			name = SlideOutMenu;
			productName = SlideOutMenu;
			productReference = 90429A7921D22C3C00F19623 /* SlideOutMenu.app */;
			productType = "com.apple.product-type.application";
		};
/* End PBXNativeTarget section */

/* Begin PBXProject section */
		90429A7121D22C3C00F19623 /* Project object */ = {
			isa = PBXProject;
			attributes = {
				LastSwiftUpdateCheck = 1000;
				LastUpgradeCheck = 1000;
				ORGANIZATIONNAME = "Banerjee,Subhodip";
				TargetAttributes = {
					90429A7821D22C3C00F19623 = {
						CreatedOnToolsVersion = 10.0;
					};
				};
			};
			buildConfigurationList = 90429A7421D22C3C00F19623 /* Build configuration list for PBXProject "SlideOutMenu" */;
			compatibilityVersion = "Xcode 9.3";
			developmentRegion = en;
			hasScannedForEncodings = 0;
			knownRegions = (
				en,
				Base,
			);
			mainGroup = 90429A7021D22C3C00F19623;
			productRefGroup = 90429A7A21D22C3C00F19623 /* Products */;
			projectDirPath = "";
			projectRoot = "";
			targets = (
				90429A7821D22C3C00F19623 /* SlideOutMenu */,
			);
		};
/* End PBXProject section */

/* Begin PBXResourcesBuildPhase section */
		90429A7721D22C3C00F19623 /* Resources */ = {
			isa = PBXResourcesBuildPhase;
			buildActionMask = 2147483647;
			files = (
				90429A8721D22C3D00F19623 /* LaunchScreen.storyboard in Resources */,
				90429A8421D22C3D00F19623 /* Assets.xcassets in Resources */,
				90429A8221D22C3C00F19623 /* Main.storyboard in Resources */,
			);
			runOnlyForDeploymentPostprocessing = 0;
		};
/* End PBXResourcesBuildPhase section */

/* Begin PBXSourcesBuildPhase section */
		90429A7521D22C3C00F19623 /* Sources */ = {
			isa = PBXSourcesBuildPhase;
			buildActionMask = 2147483647;
			files = (
				90429A7F21D22C3C00F19623 /* HomeController.swift in Sources */,
				9065164021DCD749008B23F2 /* BaseViewController.swift in Sources */,
				90F7290821E4924500512AEA /* SpacerView.swift in Sources */,
				90F7290A21E4966800512AEA /* CustomImageView.swift in Sources */,
				90F7290621E47BD300512AEA /* CustomMenuHeader.swift in Sources */,
				90429AA221D49CB600F19623 /* MenuController.swift in Sources */,
				90429A7D21D22C3C00F19623 /* AppDelegate.swift in Sources */,
			);
			runOnlyForDeploymentPostprocessing = 0;
		};
/* End PBXSourcesBuildPhase section */

/* Begin PBXVariantGroup section */
		90429A8021D22C3C00F19623 /* Main.storyboard */ = {
			isa = PBXVariantGroup;
			children = (
				90429A8121D22C3C00F19623 /* Base */,
			);
			name = Main.storyboard;
			sourceTree = "<group>";
		};
		90429A8521D22C3D00F19623 /* LaunchScreen.storyboard */ = {
			isa = PBXVariantGroup;
			children = (
				90429A8621D22C3D00F19623 /* Base */,
			);
			name = LaunchScreen.storyboard;
			sourceTree = "<group>";
		};
/* End PBXVariantGroup section */

/* Begin XCBuildConfiguration section */
		90429A8921D22C3D00F19623 /* Debug */ = {
			isa = XCBuildConfiguration;
			buildSettings = {
				ALWAYS_SEARCH_USER_PATHS = NO;
				CLANG_ANALYZER_NONNULL = YES;
				CLANG_ANALYZER_NUMBER_OBJECT_CONVERSION = YES_AGGRESSIVE;
				CLANG_CXX_LANGUAGE_STANDARD = "gnu++14";
				CLANG_CXX_LIBRARY = "libc++";
				CLANG_ENABLE_MODULES = YES;
				CLANG_ENABLE_OBJC_ARC = YES;
				CLANG_ENABLE_OBJC_WEAK = YES;
				CLANG_WARN_BLOCK_CAPTURE_AUTORELEASING = YES;
				CLANG_WARN_BOOL_CONVERSION = YES;
				CLANG_WARN_COMMA = YES;
				CLANG_WARN_CONSTANT_CONVERSION = YES;
				CLANG_WARN_DEPRECATED_OBJC_IMPLEMENTATIONS = YES;
				CLANG_WARN_DIRECT_OBJC_ISA_USAGE = YES_ERROR;
				CLANG_WARN_DOCUMENTATION_COMMENTS = YES;
				CLANG_WARN_EMPTY_BODY = YES;
				CLANG_WARN_ENUM_CONVERSION = YES;
				CLANG_WARN_INFINITE_RECURSION = YES;
				CLANG_WARN_INT_CONVERSION = YES;
				CLANG_WARN_NON_LITERAL_NULL_CONVERSION = YES;
				CLANG_WARN_OBJC_IMPLICIT_RETAIN_SELF = YES;
				CLANG_WARN_OBJC_LITERAL_CONVERSION = YES;
				CLANG_WARN_OBJC_ROOT_CLASS = YES_ERROR;
				CLANG_WARN_RANGE_LOOP_ANALYSIS = YES;
				CLANG_WARN_STRICT_PROTOTYPES = YES;
				CLANG_WARN_SUSPICIOUS_MOVE = YES;
				CLANG_WARN_UNGUARDED_AVAILABILITY = YES_AGGRESSIVE;
				CLANG_WARN_UNREACHABLE_CODE = YES;
				CLANG_WARN__DUPLICATE_METHOD_MATCH = YES;
				CODE_SIGN_IDENTITY = "iPhone Developer";
				COPY_PHASE_STRIP = NO;
				DEBUG_INFORMATION_FORMAT = dwarf;
				ENABLE_STRICT_OBJC_MSGSEND = YES;
				ENABLE_TESTABILITY = YES;
				GCC_C_LANGUAGE_STANDARD = gnu11;
				GCC_DYNAMIC_NO_PIC = NO;
				GCC_NO_COMMON_BLOCKS = YES;
				GCC_OPTIMIZATION_LEVEL = 0;
				GCC_PREPROCESSOR_DEFINITIONS = (
					"DEBUG=1",
					"$(inherited)",
				);
				GCC_WARN_64_TO_32_BIT_CONVERSION = YES;
				GCC_WARN_ABOUT_RETURN_TYPE = YES_ERROR;
				GCC_WARN_UNDECLARED_SELECTOR = YES;
				GCC_WARN_UNINITIALIZED_AUTOS = YES_AGGRESSIVE;
				GCC_WARN_UNUSED_FUNCTION = YES;
				GCC_WARN_UNUSED_VARIABLE = YES;
				IPHONEOS_DEPLOYMENT_TARGET = 12.0;
				MTL_ENABLE_DEBUG_INFO = INCLUDE_SOURCE;
				MTL_FAST_MATH = YES;
				ONLY_ACTIVE_ARCH = YES;
				SDKROOT = iphoneos;
				SWIFT_ACTIVE_COMPILATION_CONDITIONS = DEBUG;
				SWIFT_OPTIMIZATION_LEVEL = "-Onone";
			};
			name = Debug;
		};
		90429A8A21D22C3D00F19623 /* Release */ = {
			isa = XCBuildConfiguration;
			buildSettings = {
				ALWAYS_SEARCH_USER_PATHS = NO;
				CLANG_ANALYZER_NONNULL = YES;
				CLANG_ANALYZER_NUMBER_OBJECT_CONVERSION = YES_AGGRESSIVE;
				CLANG_CXX_LANGUAGE_STANDARD = "gnu++14";
				CLANG_CXX_LIBRARY = "libc++";
				CLANG_ENABLE_MODULES = YES;
				CLANG_ENABLE_OBJC_ARC = YES;
				CLANG_ENABLE_OBJC_WEAK = YES;
				CLANG_WARN_BLOCK_CAPTURE_AUTORELEASING = YES;
				CLANG_WARN_BOOL_CONVERSION = YES;
				CLANG_WARN_COMMA = YES;
				CLANG_WARN_CONSTANT_CONVERSION = YES;
				CLANG_WARN_DEPRECATED_OBJC_IMPLEMENTATIONS = YES;
				CLANG_WARN_DIRECT_OBJC_ISA_USAGE = YES_ERROR;
				CLANG_WARN_DOCUMENTATION_COMMENTS = YES;
				CLANG_WARN_EMPTY_BODY = YES;
				CLANG_WARN_ENUM_CONVERSION = YES;
				CLANG_WARN_INFINITE_RECURSION = YES;
				CLANG_WARN_INT_CONVERSION = YES;
				CLANG_WARN_NON_LITERAL_NULL_CONVERSION = YES;
				CLANG_WARN_OBJC_IMPLICIT_RETAIN_SELF = YES;
				CLANG_WARN_OBJC_LITERAL_CONVERSION = YES;
				CLANG_WARN_OBJC_ROOT_CLASS = YES_ERROR;
				CLANG_WARN_RANGE_LOOP_ANALYSIS = YES;
				CLANG_WARN_STRICT_PROTOTYPES = YES;
				CLANG_WARN_SUSPICIOUS_MOVE = YES;
				CLANG_WARN_UNGUARDED_AVAILABILITY = YES_AGGRESSIVE;
				CLANG_WARN_UNREACHABLE_CODE = YES;
				CLANG_WARN__DUPLICATE_METHOD_MATCH = YES;
				CODE_SIGN_IDENTITY = "iPhone Developer";
				COPY_PHASE_STRIP = NO;
				DEBUG_INFORMATION_FORMAT = "dwarf-with-dsym";
				ENABLE_NS_ASSERTIONS = NO;
				ENABLE_STRICT_OBJC_MSGSEND = YES;
				GCC_C_LANGUAGE_STANDARD = gnu11;
				GCC_NO_COMMON_BLOCKS = YES;
				GCC_WARN_64_TO_32_BIT_CONVERSION = YES;
				GCC_WARN_ABOUT_RETURN_TYPE = YES_ERROR;
				GCC_WARN_UNDECLARED_SELECTOR = YES;
				GCC_WARN_UNINITIALIZED_AUTOS = YES_AGGRESSIVE;
				GCC_WARN_UNUSED_FUNCTION = YES;
				GCC_WARN_UNUSED_VARIABLE = YES;
				IPHONEOS_DEPLOYMENT_TARGET = 12.0;
				MTL_ENABLE_DEBUG_INFO = NO;
				MTL_FAST_MATH = YES;
				SDKROOT = iphoneos;
				SWIFT_COMPILATION_MODE = wholemodule;
				SWIFT_OPTIMIZATION_LEVEL = "-O";
				VALIDATE_PRODUCT = YES;
			};
			name = Release;
		};
		90429A8C21D22C3D00F19623 /* Debug */ = {
			isa = XCBuildConfiguration;
			buildSettings = {
				ASSETCATALOG_COMPILER_APPICON_NAME = AppIcon;
				CODE_SIGN_STYLE = Manual;
				DEVELOPMENT_TEAM = "";
				INFOPLIST_FILE = SlideOutMenu/Info.plist;
				LD_RUNPATH_SEARCH_PATHS = (
					"$(inherited)",
					"@executable_path/Frameworks",
				);
				PRODUCT_BUNDLE_IDENTIFIER = com.XYZ.SlideOutMenu;
				PRODUCT_NAME = "$(TARGET_NAME)";
				PROVISIONING_PROFILE_SPECIFIER = "";
				SWIFT_VERSION = 4.2;
				TARGETED_DEVICE_FAMILY = "1,2";
			};
			name = Debug;
		};
		90429A8D21D22C3D00F19623 /* Release */ = {
			isa = XCBuildConfiguration;
			buildSettings = {
				ASSETCATALOG_COMPILER_APPICON_NAME = AppIcon;
				CODE_SIGN_STYLE = Manual;
				DEVELOPMENT_TEAM = "";
				INFOPLIST_FILE = SlideOutMenu/Info.plist;
				LD_RUNPATH_SEARCH_PATHS = (
					"$(inherited)",
					"@executable_path/Frameworks",
				);
				PRODUCT_BUNDLE_IDENTIFIER = com.XYZ.SlideOutMenu;
				PRODUCT_NAME = "$(TARGET_NAME)";
				PROVISIONING_PROFILE_SPECIFIER = "";
				SWIFT_VERSION = 4.2;
				TARGETED_DEVICE_FAMILY = "1,2";
			};
			name = Release;
		};
/* End XCBuildConfiguration section */

/* Begin XCConfigurationList section */
		90429A7421D22C3C00F19623 /* Build configuration list for PBXProject "SlideOutMenu" */ = {
			isa = XCConfigurationList;
			buildConfigurations = (
				90429A8921D22C3D00F19623 /* Debug */,
				90429A8A21D22C3D00F19623 /* Release */,
			);
			defaultConfigurationIsVisible = 0;
			defaultConfigurationName = Release;
		};
		90429A8B21D22C3D00F19623 /* Build configuration list for PBXNativeTarget "SlideOutMenu" */ = {
			isa = XCConfigurationList;
			buildConfigurations = (
				90429A8C21D22C3D00F19623 /* Debug */,
				90429A8D21D22C3D00F19623 /* Release */,
			);
			defaultConfigurationIsVisible = 0;
			defaultConfigurationName = Release;
		};
/* End XCConfigurationList section */
	};
	rootObject = 90429A7121D22C3C00F19623 /* Project object */;
}
